<?xml version="1.0" encoding="utf-8"?>
<Project ToolsVersion="4.0" xmlns="http://schemas.microsoft.com/developer/msbuild/2003">
  <ItemGroup>
    <Filter Include="Source Files">
      <UniqueIdentifier>{4FC737F1-C7A5-4376-A066-2A32D752A2FF}</UniqueIdentifier>
      <Extensions>cpp;c;cc;cxx;def;odl;idl;hpj;bat;asm;asmx</Extensions>
    </Filter>
    <Filter Include="Header Files">
      <UniqueIdentifier>{93995380-89BD-4b04-88EB-625FBE52EBFB}</UniqueIdentifier>
      <Extensions>h;hh;hpp;hxx;hm;inl;inc;xsd</Extensions>
    </Filter>
    <Filter Include="Resource Files">
      <UniqueIdentifier>{67DA6AB6-F800-4c08-8B7A-83BB121AAD01}</UniqueIdentifier>
      <Extensions>rc;ico;cur;bmp;dlg;rc2;rct;bin;rgs;gif;jpg;jpeg;jpe;resx;tiff;tif;png;wav;mfcribbon-ms</Extensions>
    </Filter>
    <Filter Include="Externals">
      <UniqueIdentifier>{3701bec8-81a1-4b8b-a117-bc2563c3e719}</UniqueIdentifier>
    </Filter>
    <Filter Include="Externals\Header Files">
      <UniqueIdentifier>{53c84834-639e-43c5-a5c8-e12eac21ce18}</UniqueIdentifier>
    </Filter>
    <Filter Include="Mesh">
      <UniqueIdentifier>{a5d2c882-040a-4c37-8f84-cb76675bf891}</UniqueIdentifier>
    </Filter>
    <Filter Include="Effect">
      <UniqueIdentifier>{f30fc441-8987-41e1-91e5-c369a02d61e4}</UniqueIdentifier>
    </Filter>
    <Filter Include="Externals\Source Files">
      <UniqueIdentifier>{db30445f-d114-478c-bc31-954ee22ab33b}</UniqueIdentifier>
    </Filter>
  </ItemGroup>
  <ItemGroup>
    <ClInclude Include="source\Mesh\Mesh.h">
      <Filter>Mesh</Filter>
    </ClInclude>
    <ClInclude Include="source\LOpenGL.h">
      <Filter>Header Files</Filter>
    </ClInclude>
    <ClInclude Include="source\LUtil.h">
      <Filter>Header Files</Filter>
    </ClInclude>
    <ClInclude Include="source\Effect\Effect.h">
      <Filter>Effect</Filter>
    </ClInclude>
    <ClInclude Include="..\Externals\LodePNG\lodepng.h">
      <Filter>Externals\Header Files</Filter>
    </ClInclude>
    <ClInclude Include="..\Externals\cyCode\cyGL.h">
      <Filter>Externals\Header Files</Filter>
    </ClInclude>
    <ClInclude Include="..\Externals\cyCode\cyMatrix.h">
      <Filter>Externals\Header Files</Filter>
    </ClInclude>
    <ClInclude Include="..\Externals\cyCode\cyPoint.h">
      <Filter>Externals\Header Files</Filter>
    </ClInclude>
    <ClInclude Include="..\Externals\tool\objloader.hpp">
      <Filter>Externals\Header Files</Filter>
    </ClInclude>
  </ItemGroup>
  <ItemGroup>
    <ClCompile Include="source\LUtil.cpp">
      <Filter>Source Files</Filter>
    </ClCompile>
    <ClCompile Include="source\Mesh\Mesh.cpp">
      <Filter>Mesh</Filter>
    </ClCompile>
    <ClCompile Include="source\main.cpp">
      <Filter>Source Files</Filter>
    </ClCompile>
    <ClCompile Include="source\Effect\Effect.cpp">
      <Filter>Effect</Filter>
    </ClCompile>
    <ClCompile Include="..\Externals\LodePNG\lodepng.cpp">
      <Filter>Externals\Source Files</Filter>
    </ClCompile>
    <ClCompile Include="..\Externals\tool\objloader.cpp">
      <Filter>Externals\Source Files</Filter>
    </ClCompile>
  </ItemGroup>
</Project>